// !$*UTF8*$!
{
	archiveVersion = 1;
	classes = {
	};
	objectVersion = 46;
	objects = {

/* Begin PBXBuildFile section */
		74356F121C275C3500C6C3DA /* biomes.swift in Sources */ = {isa = PBXBuildFile; fileRef = 74356F111C275C3500C6C3DA /* biomes.swift */; };
		74356F161C288B7500C6C3DA /* Block.swift in Sources */ = {isa = PBXBuildFile; fileRef = 74356F151C288B7500C6C3DA /* Block.swift */; };
		74356F181C28B34F00C6C3DA /* RealBlock.swift in Sources */ = {isa = PBXBuildFile; fileRef = 74356F171C28B34F00C6C3DA /* RealBlock.swift */; };
		74356F1A1C28C7A400C6C3DA /* Water.swift in Sources */ = {isa = PBXBuildFile; fileRef = 74356F191C28C7A400C6C3DA /* Water.swift */; };
		746555231C076B8D005A20BF /* AppDelegate.swift in Sources */ = {isa = PBXBuildFile; fileRef = 746555221C076B8D005A20BF /* AppDelegate.swift */; };
		746555251C076B8D005A20BF /* GameScene.swift in Sources */ = {isa = PBXBuildFile; fileRef = 746555241C076B8D005A20BF /* GameScene.swift */; };
		746555271C076B8D005A20BF /* GameScene.sks in Resources */ = {isa = PBXBuildFile; fileRef = 746555261C076B8D005A20BF /* GameScene.sks */; };
		746555291C076B8D005A20BF /* Assets.xcassets in Resources */ = {isa = PBXBuildFile; fileRef = 746555281C076B8D005A20BF /* Assets.xcassets */; };
		7465552C1C076B8D005A20BF /* MainMenu.xib in Resources */ = {isa = PBXBuildFile; fileRef = 7465552A1C076B8D005A20BF /* MainMenu.xib */; };
		746555371C076B8D005A20BF /* terrariaLikeWorldTests.swift in Sources */ = {isa = PBXBuildFile; fileRef = 746555361C076B8D005A20BF /* terrariaLikeWorldTests.swift */; };
		746555421C076B8D005A20BF /* terrariaLikeWorldUITests.swift in Sources */ = {isa = PBXBuildFile; fileRef = 746555411C076B8D005A20BF /* terrariaLikeWorldUITests.swift */; };
		746555501C076C13005A20BF /* generateTerrainVisuals.swift in Sources */ = {isa = PBXBuildFile; fileRef = 7465554F1C076C13005A20BF /* generateTerrainVisuals.swift */; };
		746555541C07777A005A20BF /* generateTerrainData.swift in Sources */ = {isa = PBXBuildFile; fileRef = 746555531C07777A005A20BF /* generateTerrainData.swift */; };
		746555561C07796F005A20BF /* Camera.swift in Sources */ = {isa = PBXBuildFile; fileRef = 746555551C07796F005A20BF /* Camera.swift */; };
		746555581C078001005A20BF /* terrainWorld.swift in Sources */ = {isa = PBXBuildFile; fileRef = 746555571C078001005A20BF /* terrainWorld.swift */; };
		7465555A1C08DEF3005A20BF /* randomNumbers.swift in Sources */ = {isa = PBXBuildFile; fileRef = 746555591C08DEF3005A20BF /* randomNumbers.swift */; };
/* End PBXBuildFile section */

/* Begin PBXContainerItemProxy section */
		746555331C076B8D005A20BF /* PBXContainerItemProxy */ = {
			isa = PBXContainerItemProxy;
			containerPortal = 746555171C076B8D005A20BF /* Project object */;
			proxyType = 1;
			remoteGlobalIDString = 7465551E1C076B8D005A20BF;
			remoteInfo = terrariaLikeWorld;
		};
		7465553E1C076B8D005A20BF /* PBXContainerItemProxy */ = {
			isa = PBXContainerItemProxy;
			containerPortal = 746555171C076B8D005A20BF /* Project object */;
			proxyType = 1;
			remoteGlobalIDString = 7465551E1C076B8D005A20BF;
			remoteInfo = terrariaLikeWorld;
		};
/* End PBXContainerItemProxy section */

/* Begin PBXFileReference section */
		74356F111C275C3500C6C3DA /* biomes.swift */ = {isa = PBXFileReference; fileEncoding = 4; lastKnownFileType = sourcecode.swift; path = biomes.swift; sourceTree = "<group>"; };
		74356F151C288B7500C6C3DA /* Block.swift */ = {isa = PBXFileReference; fileEncoding = 4; lastKnownFileType = sourcecode.swift; path = Block.swift; sourceTree = "<group>"; };
		74356F171C28B34F00C6C3DA /* RealBlock.swift */ = {isa = PBXFileReference; fileEncoding = 4; lastKnownFileType = sourcecode.swift; path = RealBlock.swift; sourceTree = "<group>"; };
		74356F191C28C7A400C6C3DA /* Water.swift */ = {isa = PBXFileReference; fileEncoding = 4; lastKnownFileType = sourcecode.swift; path = Water.swift; sourceTree = "<group>"; };
		7465551F1C076B8D005A20BF /* terrariaLikeWorld.app */ = {isa = PBXFileReference; explicitFileType = wrapper.application; includeInIndex = 0; path = terrariaLikeWorld.app; sourceTree = BUILT_PRODUCTS_DIR; };
		746555221C076B8D005A20BF /* AppDelegate.swift */ = {isa = PBXFileReference; lastKnownFileType = sourcecode.swift; path = AppDelegate.swift; sourceTree = "<group>"; };
		746555241C076B8D005A20BF /* GameScene.swift */ = {isa = PBXFileReference; lastKnownFileType = sourcecode.swift; path = GameScene.swift; sourceTree = "<group>"; };
		746555261C076B8D005A20BF /* GameScene.sks */ = {isa = PBXFileReference; lastKnownFileType = file.sks; path = GameScene.sks; sourceTree = "<group>"; };
		746555281C076B8D005A20BF /* Assets.xcassets */ = {isa = PBXFileReference; lastKnownFileType = folder.assetcatalog; path = Assets.xcassets; sourceTree = "<group>"; };
		7465552B1C076B8D005A20BF /* Base */ = {isa = PBXFileReference; lastKnownFileType = file.xib; name = Base; path = Base.lproj/MainMenu.xib; sourceTree = "<group>"; };
		7465552D1C076B8D005A20BF /* Info.plist */ = {isa = PBXFileReference; lastKnownFileType = text.plist.xml; path = Info.plist; sourceTree = "<group>"; };
		746555321C076B8D005A20BF /* terrariaLikeWorldTests.xctest */ = {isa = PBXFileReference; explicitFileType = wrapper.cfbundle; includeInIndex = 0; path = terrariaLikeWorldTests.xctest; sourceTree = BUILT_PRODUCTS_DIR; };
		746555361C076B8D005A20BF /* terrariaLikeWorldTests.swift */ = {isa = PBXFileReference; lastKnownFileType = sourcecode.swift; path = terrariaLikeWorldTests.swift; sourceTree = "<group>"; };
		746555381C076B8D005A20BF /* Info.plist */ = {isa = PBXFileReference; lastKnownFileType = text.plist.xml; path = Info.plist; sourceTree = "<group>"; };
		7465553D1C076B8D005A20BF /* terrariaLikeWorldUITests.xctest */ = {isa = PBXFileReference; explicitFileType = wrapper.cfbundle; includeInIndex = 0; path = terrariaLikeWorldUITests.xctest; sourceTree = BUILT_PRODUCTS_DIR; };
		746555411C076B8D005A20BF /* terrariaLikeWorldUITests.swift */ = {isa = PBXFileReference; lastKnownFileType = sourcecode.swift; path = terrariaLikeWorldUITests.swift; sourceTree = "<group>"; };
		746555431C076B8D005A20BF /* Info.plist */ = {isa = PBXFileReference; lastKnownFileType = text.plist.xml; path = Info.plist; sourceTree = "<group>"; };
		7465554F1C076C13005A20BF /* generateTerrainVisuals.swift */ = {isa = PBXFileReference; fileEncoding = 4; lastKnownFileType = sourcecode.swift; path = generateTerrainVisuals.swift; sourceTree = "<group>"; };
		746555531C07777A005A20BF /* generateTerrainData.swift */ = {isa = PBXFileReference; fileEncoding = 4; lastKnownFileType = sourcecode.swift; path = generateTerrainData.swift; sourceTree = "<group>"; };
		746555551C07796F005A20BF /* Camera.swift */ = {isa = PBXFileReference; fileEncoding = 4; lastKnownFileType = sourcecode.swift; path = Camera.swift; sourceTree = "<group>"; };
		746555571C078001005A20BF /* terrainWorld.swift */ = {isa = PBXFileReference; fileEncoding = 4; lastKnownFileType = sourcecode.swift; path = terrainWorld.swift; sourceTree = "<group>"; };
		746555591C08DEF3005A20BF /* randomNumbers.swift */ = {isa = PBXFileReference; fileEncoding = 4; lastKnownFileType = sourcecode.swift; path = randomNumbers.swift; sourceTree = "<group>"; };
/* End PBXFileReference section */

/* Begin PBXFrameworksBuildPhase section */
		7465551C1C076B8D005A20BF /* Frameworks */ = {
			isa = PBXFrameworksBuildPhase;
			buildActionMask = 2147483647;
			files = (
			);
			runOnlyForDeploymentPostprocessing = 0;
		};
		7465552F1C076B8D005A20BF /* Frameworks */ = {
			isa = PBXFrameworksBuildPhase;
			buildActionMask = 2147483647;
			files = (
			);
			runOnlyForDeploymentPostprocessing = 0;
		};
		7465553A1C076B8D005A20BF /* Frameworks */ = {
			isa = PBXFrameworksBuildPhase;
			buildActionMask = 2147483647;
			files = (
			);
			runOnlyForDeploymentPostprocessing = 0;
		};
/* End PBXFrameworksBuildPhase section */

/* Begin PBXGroup section */
		746555161C076B8D005A20BF = {
			isa = PBXGroup;
			children = (
				746555211C076B8D005A20BF /* terrariaLikeWorld */,
				746555351C076B8D005A20BF /* terrariaLikeWorldTests */,
				746555401C076B8D005A20BF /* terrariaLikeWorldUITests */,
				746555201C076B8D005A20BF /* Products */,
			);
			sourceTree = "<group>";
		};
		746555201C076B8D005A20BF /* Products */ = {
			isa = PBXGroup;
			children = (
				7465551F1C076B8D005A20BF /* terrariaLikeWorld.app */,
				746555321C076B8D005A20BF /* terrariaLikeWorldTests.xctest */,
				7465553D1C076B8D005A20BF /* terrariaLikeWorldUITests.xctest */,
			);
			name = Products;
			sourceTree = "<group>";
		};
		746555211C076B8D005A20BF /* terrariaLikeWorld */ = {
			isa = PBXGroup;
			children = (
				746555221C076B8D005A20BF /* AppDelegate.swift */,
				746555241C076B8D005A20BF /* GameScene.swift */,
				746555551C07796F005A20BF /* Camera.swift */,
				746555571C078001005A20BF /* terrainWorld.swift */,
				74356F151C288B7500C6C3DA /* Block.swift */,
				746555531C07777A005A20BF /* generateTerrainData.swift */,
				7465554F1C076C13005A20BF /* generateTerrainVisuals.swift */,
				74356F111C275C3500C6C3DA /* biomes.swift */,
				74356F191C28C7A400C6C3DA /* Water.swift */,
				74356F171C28B34F00C6C3DA /* RealBlock.swift */,
				746555591C08DEF3005A20BF /* randomNumbers.swift */,
				746555261C076B8D005A20BF /* GameScene.sks */,
				746555281C076B8D005A20BF /* Assets.xcassets */,
				7465552A1C076B8D005A20BF /* MainMenu.xib */,
				7465552D1C076B8D005A20BF /* Info.plist */,
			);
			path = terrariaLikeWorld;
			sourceTree = "<group>";
		};
		746555351C076B8D005A20BF /* terrariaLikeWorldTests */ = {
			isa = PBXGroup;
			children = (
				746555361C076B8D005A20BF /* terrariaLikeWorldTests.swift */,
				746555381C076B8D005A20BF /* Info.plist */,
			);
			path = terrariaLikeWorldTests;
			sourceTree = "<group>";
		};
		746555401C076B8D005A20BF /* terrariaLikeWorldUITests */ = {
			isa = PBXGroup;
			children = (
				746555411C076B8D005A20BF /* terrariaLikeWorldUITests.swift */,
				746555431C076B8D005A20BF /* Info.plist */,
			);
			path = terrariaLikeWorldUITests;
			sourceTree = "<group>";
		};
/* End PBXGroup section */

/* Begin PBXNativeTarget section */
		7465551E1C076B8D005A20BF /* terrariaLikeWorld */ = {
			isa = PBXNativeTarget;
			buildConfigurationList = 746555461C076B8D005A20BF /* Build configuration list for PBXNativeTarget "terrariaLikeWorld" */;
			buildPhases = (
				7465551B1C076B8D005A20BF /* Sources */,
				7465551C1C076B8D005A20BF /* Frameworks */,
				7465551D1C076B8D005A20BF /* Resources */,
			);
			buildRules = (
			);
			dependencies = (
			);
			name = terrariaLikeWorld;
			productName = terrariaLikeWorld;
			productReference = 7465551F1C076B8D005A20BF /* terrariaLikeWorld.app */;
			productType = "com.apple.product-type.application";
		};
		746555311C076B8D005A20BF /* terrariaLikeWorldTests */ = {
			isa = PBXNativeTarget;
			buildConfigurationList = 746555491C076B8D005A20BF /* Build configuration list for PBXNativeTarget "terrariaLikeWorldTests" */;
			buildPhases = (
				7465552E1C076B8D005A20BF /* Sources */,
				7465552F1C076B8D005A20BF /* Frameworks */,
				746555301C076B8D005A20BF /* Resources */,
			);
			buildRules = (
			);
			dependencies = (
				746555341C076B8D005A20BF /* PBXTargetDependency */,
			);
			name = terrariaLikeWorldTests;
			productName = terrariaLikeWorldTests;
			productReference = 746555321C076B8D005A20BF /* terrariaLikeWorldTests.xctest */;
			productType = "com.apple.product-type.bundle.unit-test";
		};
		7465553C1C076B8D005A20BF /* terrariaLikeWorldUITests */ = {
			isa = PBXNativeTarget;
			buildConfigurationList = 7465554C1C076B8D005A20BF /* Build configuration list for PBXNativeTarget "terrariaLikeWorldUITests" */;
			buildPhases = (
				746555391C076B8D005A20BF /* Sources */,
				7465553A1C076B8D005A20BF /* Frameworks */,
				7465553B1C076B8D005A20BF /* Resources */,
			);
			buildRules = (
			);
			dependencies = (
				7465553F1C076B8D005A20BF /* PBXTargetDependency */,
			);
			name = terrariaLikeWorldUITests;
			productName = terrariaLikeWorldUITests;
			productReference = 7465553D1C076B8D005A20BF /* terrariaLikeWorldUITests.xctest */;
			productType = "com.apple.product-type.bundle.ui-testing";
		};
/* End PBXNativeTarget section */

/* Begin PBXProject section */
		746555171C076B8D005A20BF /* Project object */ = {
			isa = PBXProject;
			attributes = {
				LastSwiftUpdateCheck = 0710;
				LastUpgradeCheck = 0710;
				ORGANIZATIONNAME = sea_software;
				TargetAttributes = {
					7465551E1C076B8D005A20BF = {
						CreatedOnToolsVersion = 7.1.1;
					};
					746555311C076B8D005A20BF = {
						CreatedOnToolsVersion = 7.1.1;
						TestTargetID = 7465551E1C076B8D005A20BF;
					};
					7465553C1C076B8D005A20BF = {
						CreatedOnToolsVersion = 7.1.1;
						TestTargetID = 7465551E1C076B8D005A20BF;
					};
				};
			};
			buildConfigurationList = 7465551A1C076B8D005A20BF /* Build configuration list for PBXProject "terrariaLikeWorld" */;
			compatibilityVersion = "Xcode 3.2";
			developmentRegion = English;
			hasScannedForEncodings = 0;
			knownRegions = (
				en,
				Base,
			);
			mainGroup = 746555161C076B8D005A20BF;
			productRefGroup = 746555201C076B8D005A20BF /* Products */;
			projectDirPath = "";
			projectRoot = "";
			targets = (
				7465551E1C076B8D005A20BF /* terrariaLikeWorld */,
				746555311C076B8D005A20BF /* terrariaLikeWorldTests */,
				7465553C1C076B8D005A20BF /* terrariaLikeWorldUITests */,
			);
		};
/* End PBXProject section */

/* Begin PBXResourcesBuildPhase section */
		7465551D1C076B8D005A20BF /* Resources */ = {
			isa = PBXResourcesBuildPhase;
			buildActionMask = 2147483647;
			files = (
				746555291C076B8D005A20BF /* Assets.xcassets in Resources */,
				746555271C076B8D005A20BF /* GameScene.sks in Resources */,
				7465552C1C076B8D005A20BF /* MainMenu.xib in Resources */,
			);
			runOnlyForDeploymentPostprocessing = 0;
		};
		746555301C076B8D005A20BF /* Resources */ = {
			isa = PBXResourcesBuildPhase;
			buildActionMask = 2147483647;
			files = (
			);
			runOnlyForDeploymentPostprocessing = 0;
		};
		7465553B1C076B8D005A20BF /* Resources */ = {
			isa = PBXResourcesBuildPhase;
			buildActionMask = 2147483647;
			files = (
			);
			runOnlyForDeploymentPostprocessing = 0;
		};
/* End PBXResourcesBuildPhase section */

/* Begin PBXSourcesBuildPhase section */
		7465551B1C076B8D005A20BF /* Sources */ = {
			isa = PBXSourcesBuildPhase;
			buildActionMask = 2147483647;
			files = (
				746555251C076B8D005A20BF /* GameScene.swift in Sources */,
				74356F1A1C28C7A400C6C3DA /* Water.swift in Sources */,
				746555231C076B8D005A20BF /* AppDelegate.swift in Sources */,
				746555561C07796F005A20BF /* Camera.swift in Sources */,
				74356F121C275C3500C6C3DA /* biomes.swift in Sources */,
				7465555A1C08DEF3005A20BF /* randomNumbers.swift in Sources */,
				74356F181C28B34F00C6C3DA /* RealBlock.swift in Sources */,
				746555541C07777A005A20BF /* generateTerrainData.swift in Sources */,
				746555581C078001005A20BF /* terrainWorld.swift in Sources */,
				74356F161C288B7500C6C3DA /* Block.swift in Sources */,
				746555501C076C13005A20BF /* generateTerrainVisuals.swift in Sources */,
			);
			runOnlyForDeploymentPostprocessing = 0;
		};
		7465552E1C076B8D005A20BF /* Sources */ = {
			isa = PBXSourcesBuildPhase;
			buildActionMask = 2147483647;
			files = (
				746555371C076B8D005A20BF /* terrariaLikeWorldTests.swift in Sources */,
			);
			runOnlyForDeploymentPostprocessing = 0;
		};
		746555391C076B8D005A20BF /* Sources */ = {
			isa = PBXSourcesBuildPhase;
			buildActionMask = 2147483647;
			files = (
				746555421C076B8D005A20BF /* terrariaLikeWorldUITests.swift in Sources */,
			);
			runOnlyForDeploymentPostprocessing = 0;
		};
/* End PBXSourcesBuildPhase section */

/* Begin PBXTargetDependency section */
		746555341C076B8D005A20BF /* PBXTargetDependency */ = {
			isa = PBXTargetDependency;
			target = 7465551E1C076B8D005A20BF /* terrariaLikeWorld */;
			targetProxy = 746555331C076B8D005A20BF /* PBXContainerItemProxy */;
		};
		7465553F1C076B8D005A20BF /* PBXTargetDependency */ = {
			isa = PBXTargetDependency;
			target = 7465551E1C076B8D005A20BF /* terrariaLikeWorld */;
			targetProxy = 7465553E1C076B8D005A20BF /* PBXContainerItemProxy */;
		};
/* End PBXTargetDependency section */

/* Begin PBXVariantGroup section */
		7465552A1C076B8D005A20BF /* MainMenu.xib */ = {
			isa = PBXVariantGroup;
			children = (
				7465552B1C076B8D005A20BF /* Base */,
			);
			name = MainMenu.xib;
			sourceTree = "<group>";
		};
/* End PBXVariantGroup section */

/* Begin XCBuildConfiguration section */
		746555441C076B8D005A20BF /* Debug */ = {
			isa = XCBuildConfiguration;
			buildSettings = {
				ALWAYS_SEARCH_USER_PATHS = NO;
				CLANG_CXX_LANGUAGE_STANDARD = "gnu++0x";
				CLANG_CXX_LIBRARY = "libc++";
				CLANG_ENABLE_MODULES = YES;
				CLANG_ENABLE_OBJC_ARC = YES;
				CLANG_WARN_BOOL_CONVERSION = YES;
				CLANG_WARN_CONSTANT_CONVERSION = YES;
				CLANG_WARN_DIRECT_OBJC_ISA_USAGE = YES_ERROR;
				CLANG_WARN_EMPTY_BODY = YES;
				CLANG_WARN_ENUM_CONVERSION = YES;
				CLANG_WARN_INT_CONVERSION = YES;
				CLANG_WARN_OBJC_ROOT_CLASS = YES_ERROR;
				CLANG_WARN_UNREACHABLE_CODE = YES;
				CLANG_WARN__DUPLICATE_METHOD_MATCH = YES;
				CODE_SIGN_IDENTITY = "-";
				COPY_PHASE_STRIP = NO;
				DEBUG_INFORMATION_FORMAT = "dwarf-with-dsym";
				ENABLE_STRICT_OBJC_MSGSEND = YES;
				ENABLE_TESTABILITY = YES;
				GCC_C_LANGUAGE_STANDARD = gnu99;
				GCC_DYNAMIC_NO_PIC = NO;
				GCC_NO_COMMON_BLOCKS = YES;
				GCC_OPTIMIZATION_LEVEL = 0;
				GCC_PREPROCESSOR_DEFINITIONS = (
					"DEBUG=1",
					"$(inherited)",
				);
				GCC_WARN_64_TO_32_BIT_CONVERSION = YES;
				GCC_WARN_ABOUT_RETURN_TYPE = YES_ERROR;
				GCC_WARN_UNDECLARED_SELECTOR = YES;
				GCC_WARN_UNINITIALIZED_AUTOS = YES_AGGRESSIVE;
				GCC_WARN_UNUSED_FUNCTION = YES;
				GCC_WARN_UNUSED_VARIABLE = YES;
				MACOSX_DEPLOYMENT_TARGET = 10.11;
				MTL_ENABLE_DEBUG_INFO = YES;
				ONLY_ACTIVE_ARCH = YES;
				SDKROOT = macosx;
				SWIFT_OPTIMIZATION_LEVEL = "-Onone";
			};
			name = Debug;
		};
		746555451C076B8D005A20BF /* Release */ = {
			isa = XCBuildConfiguration;
			buildSettings = {
				ALWAYS_SEARCH_USER_PATHS = NO;
				CLANG_CXX_LANGUAGE_STANDARD = "gnu++0x";
				CLANG_CXX_LIBRARY = "libc++";
				CLANG_ENABLE_MODULES = YES;
				CLANG_ENABLE_OBJC_ARC = YES;
				CLANG_WARN_BOOL_CONVERSION = YES;
				CLANG_WARN_CONSTANT_CONVERSION = YES;
				CLANG_WARN_DIRECT_OBJC_ISA_USAGE = YES_ERROR;
				CLANG_WARN_EMPTY_BODY = YES;
				CLANG_WARN_ENUM_CONVERSION = YES;
				CLANG_WARN_INT_CONVERSION = YES;
				CLANG_WARN_OBJC_ROOT_CLASS = YES_ERROR;
				CLANG_WARN_UNREACHABLE_CODE = YES;
				CLANG_WARN__DUPLICATE_METHOD_MATCH = YES;
				CODE_SIGN_IDENTITY = "-";
				COPY_PHASE_STRIP = NO;
				DEBUG_INFORMATION_FORMAT = "dwarf-with-dsym";
				ENABLE_NS_ASSERTIONS = NO;
				ENABLE_STRICT_OBJC_MSGSEND = YES;
				GCC_C_LANGUAGE_STANDARD = gnu99;
				GCC_NO_COMMON_BLOCKS = YES;
				GCC_WARN_64_TO_32_BIT_CONVERSION = YES;
				GCC_WARN_ABOUT_RETURN_TYPE = YES_ERROR;
				GCC_WARN_UNDECLARED_SELECTOR = YES;
				GCC_WARN_UNINITIALIZED_AUTOS = YES_AGGRESSIVE;
				GCC_WARN_UNUSED_FUNCTION = YES;
				GCC_WARN_UNUSED_VARIABLE = YES;
				MACOSX_DEPLOYMENT_TARGET = 10.11;
				MTL_ENABLE_DEBUG_INFO = NO;
				SDKROOT = macosx;
			};
			name = Release;
		};
		746555471C076B8D005A20BF /* Debug */ = {
			isa = XCBuildConfiguration;
			buildSettings = {
				ASSETCATALOG_COMPILER_APPICON_NAME = AppIcon;
				COMBINE_HIDPI_IMAGES = YES;
				INFOPLIST_FILE = terrariaLikeWorld/Info.plist;
				LD_RUNPATH_SEARCH_PATHS = "$(inherited) @executable_path/../Frameworks";
				PRODUCT_BUNDLE_IDENTIFIER = "sea-software.terrariaLikeWorld";
				PRODUCT_NAME = "$(TARGET_NAME)";
			};
			name = Debug;
		};
		746555481C076B8D005A20BF /* Release */ = {
			isa = XCBuildConfiguration;
			buildSettings = {
				ASSETCATALOG_COMPILER_APPICON_NAME = AppIcon;
				COMBINE_HIDPI_IMAGES = YES;
				INFOPLIST_FILE = terrariaLikeWorld/Info.plist;
				LD_RUNPATH_SEARCH_PATHS = "$(inherited) @executable_path/../Frameworks";
				PRODUCT_BUNDLE_IDENTIFIER = "sea-software.terrariaLikeWorld";
				PRODUCT_NAME = "$(TARGET_NAME)";
			};
			name = Release;
		};
		7465554A1C076B8D005A20BF /* Debug */ = {
			isa = XCBuildConfiguration;
			buildSettings = {
				BUNDLE_LOADER = "$(TEST_HOST)";
				COMBINE_HIDPI_IMAGES = YES;
				DEBUG_INFORMATION_FORMAT = dwarf;
				INFOPLIST_FILE = terrariaLikeWorldTests/Info.plist;
				LD_RUNPATH_SEARCH_PATHS = "$(inherited) @executable_path/../Frameworks @loader_path/../Frameworks";
				PRODUCT_BUNDLE_IDENTIFIER = "sea-software.terrariaLikeWorldTests";
				PRODUCT_NAME = "$(TARGET_NAME)";
				TEST_HOST = "$(BUILT_PRODUCTS_DIR)/terrariaLikeWorld.app/Contents/MacOS/terrariaLikeWorld";
			};
			name = Debug;
		};
		7465554B1C076B8D005A20BF /* Release */ = {
			isa = XCBuildConfiguration;
			buildSettings = {
				BUNDLE_LOADER = "$(TEST_HOST)";
				COMBINE_HIDPI_IMAGES = YES;
				INFOPLIST_FILE = terrariaLikeWorldTests/Info.plist;
				LD_RUNPATH_SEARCH_PATHS = "$(inherited) @executable_path/../Frameworks @loader_path/../Frameworks";
				PRODUCT_BUNDLE_IDENTIFIER = "sea-software.terrariaLikeWorldTests";
				PRODUCT_NAME = "$(TARGET_NAME)";
				TEST_HOST = "$(BUILT_PRODUCTS_DIR)/terrariaLikeWorld.app/Contents/MacOS/terrariaLikeWorld";
			};
			name = Release;
		};
		7465554D1C076B8D005A20BF /* Debug */ = {
			isa = XCBuildConfiguration;
			buildSettings = {
				COMBINE_HIDPI_IMAGES = YES;
				DEBUG_INFORMATION_FORMAT = dwarf;
				INFOPLIST_FILE = terrariaLikeWorldUITests/Info.plist;
				LD_RUNPATH_SEARCH_PATHS = "$(inherited) @executable_path/../Frameworks @loader_path/../Frameworks";
				PRODUCT_BUNDLE_IDENTIFIER = "sea-software.terrariaLikeWorldUITests";
				PRODUCT_NAME = "$(TARGET_NAME)";
				TEST_TARGET_NAME = terrariaLikeWorld;
				USES_XCTRUNNER = YES;
			};
			name = Debug;
		};
		7465554E1C076B8D005A20BF /* Release */ = {
			isa = XCBuildConfiguration;
			buildSettings = {
				COMBINE_HIDPI_IMAGES = YES;
				INFOPLIST_FILE = terrariaLikeWorldUITests/Info.plist;
				LD_RUNPATH_SEARCH_PATHS = "$(inherited) @executable_path/../Frameworks @loader_path/../Frameworks";
				PRODUCT_BUNDLE_IDENTIFIER = "sea-software.terrariaLikeWorldUITests";
				PRODUCT_NAME = "$(TARGET_NAME)";
				TEST_TARGET_NAME = terrariaLikeWorld;
				USES_XCTRUNNER = YES;
			};
			name = Release;
		};
/* End XCBuildConfiguration section */

/* Begin XCConfigurationList section */
		7465551A1C076B8D005A20BF /* Build configuration list for PBXProject "terrariaLikeWorld" */ = {
			isa = XCConfigurationList;
			buildConfigurations = (
				746555441C076B8D005A20BF /* Debug */,
				746555451C076B8D005A20BF /* Release */,
			);
			defaultConfigurationIsVisible = 0;
			defaultConfigurationName = Release;
		};
		746555461C076B8D005A20BF /* Build configuration list for PBXNativeTarget "terrariaLikeWorld" */ = {
			isa = XCConfigurationList;
			buildConfigurations = (
				746555471C076B8D005A20BF /* Debug */,
				746555481C076B8D005A20BF /* Release */,
			);
			defaultConfigurationIsVisible = 0;
			defaultConfigurationName = Release;
		};
		746555491C076B8D005A20BF /* Build configuration list for PBXNativeTarget "terrariaLikeWorldTests" */ = {
			isa = XCConfigurationList;
			buildConfigurations = (
				7465554A1C076B8D005A20BF /* Debug */,
				7465554B1C076B8D005A20BF /* Release */,
			);
			defaultConfigurationIsVisible = 0;
			defaultConfigurationName = Release;
		};
		7465554C1C076B8D005A20BF /* Build configuration list for PBXNativeTarget "terrariaLikeWorldUITests" */ = {
			isa = XCConfigurationList;
			buildConfigurations = (
				7465554D1C076B8D005A20BF /* Debug */,
				7465554E1C076B8D005A20BF /* Release */,
			);
			defaultConfigurationIsVisible = 0;
			defaultConfigurationName = Release;
		};
/* End XCConfigurationList section */
	};
	rootObject = 746555171C076B8D005A20BF /* Project object */;
}
